
Microsoft Visual Studio Solution File, Format Version 12.00
# Visual Studio Version 17
VisualStudioVersion = 17.8.34330.188
MinimumVisualStudioVersion = 10.0.40219.1
Project("{FAE04EC0-301F-11D3-BF4B-00C04F79EFBC}") = "ParkingControlWeb", "ParkingControlWeb\ParkingControlWeb.csproj", "{631E2428-05D4-4FA8-83CB-6C03D6C7C49F}"
EndProject
Global
	GlobalSection(SolutionConfigurationPlatforms) = preSolution
		Debug|Any CPU = Debug|Any CPU
		Release|Any CPU = Release|Any CPU
	EndGlobalSection
	GlobalSection(ProjectConfigurationPlatforms) = postSolution
		{631E2428-05D4-4FA8-83CB-6C03D6C7C49F}.Debug|Any CPU.ActiveCfg = Debug|Any CPU
		{631E2428-05D4-4FA8-83CB-6C03D6C7C49F}.Debug|Any CPU.Build.0 = Debug|Any CPU
		{631E2428-05D4-4FA8-83CB-6C03D6C7C49F}.Release|Any CPU.ActiveCfg = Release|Any CPU
		{631E2428-05D4-4FA8-83CB-6C03D6C7C49F}.Release|Any CPU.Build.0 = Release|Any CPU
	EndGlobalSection
	GlobalSection(SolutionProperties) = preSolution
		HideSolutionNode = FALSE
	EndGlobalSection
	GlobalSection(ExtensibilityGlobals) = postSolution
		SolutionGuid = {880F6E53-2F9C-47E0-926A-3A28CF37DBC6}
	EndGlobalSection
EndGlobal
